
Microsoft Visual Studio Solution File, Format Version 12.00
# Visual Studio Version 16
VisualStudioVersion = 16.0.30114.105
MinimumVisualStudioVersion = 10.0.40219.1
Project("{2150E333-8FDC-42A3-9474-1A3956D46DE8}") = "Services", "Services", "{2409E5CE-E4F1-4109-87AD-F84AE144DEF4}"
EndProject
Project("{2150E333-8FDC-42A3-9474-1A3956D46DE8}") = "Identity", "Identity", "{551B96B5-B17B-4B81-B050-C0A62B5C735F}"
EndProject
Project("{9A19103F-16F7-4668-BE54-9A1E7A4F7556}") = "Identity.Api", "Services\Identity\Identity.Api\Identity.Api.csproj", "{96400768-ED8C-4C08-A801-100CADC7740D}"
EndProject
Project("{9A19103F-16F7-4668-BE54-9A1E7A4F7556}") = "Identity.Domain", "Services\Identity\Identity.Domain\Identity.Domain.csproj", "{38843402-0817-4846-B31D-84125907FE36}"
EndProject
Project("{9A19103F-16F7-4668-BE54-9A1E7A4F7556}") = "Identity.Application", "Services\Identity\Identity.Application\Identity.Application.csproj", "{5254828C-51B7-43AA-A0B2-41FE0CE700EA}"
EndProject
Project("{9A19103F-16F7-4668-BE54-9A1E7A4F7556}") = "Identity.Infrastructure", "Services\Identity\Identity.Infrastructure\Identity.Infrastructure.csproj", "{7311EE60-27F6-40BA-9230-EEEBA25A39CE}"
EndProject
Project("{2150E333-8FDC-42A3-9474-1A3956D46DE8}") = "BuildingBlocks", "BuildingBlocks", "{E5E36FD7-2DF5-4E31-99E6-7C0D36C075E5}"
EndProject
Project("{2150E333-8FDC-42A3-9474-1A3956D46DE8}") = "MessageBus", "MessageBus", "{389E6CB4-DF74-43EE-834B-EFFE70EB14B2}"
EndProject
Project("{9A19103F-16F7-4668-BE54-9A1E7A4F7556}") = "MessageBus.Contracts", "BuildingBlocks\MessageBus\MessageBus.Contracts\MessageBus.Contracts.csproj", "{C60347DB-4A1D-4655-B60A-577DEB366690}"
EndProject
Project("{2150E333-8FDC-42A3-9474-1A3956D46DE8}") = "Notification", "Notification", "{DE0BCCBD-07AA-45C2-9898-8D4CCBABDAFF}"
EndProject
Project("{9A19103F-16F7-4668-BE54-9A1E7A4F7556}") = "MessageBus.Components", "BuildingBlocks\MessageBus\MessageBus.Components\MessageBus.Components.csproj", "{E5DA63A7-2ADE-49E4-9BC5-E38D353ABBB8}"
EndProject
Project("{9A19103F-16F7-4668-BE54-9A1E7A4F7556}") = "Notification.Host", "Services\Notification\Notification.Host\Notification.Host.csproj", "{12C69DA7-6C2D-46B4-9DC8-28F9853517D7}"
EndProject
Project("{9A19103F-16F7-4668-BE54-9A1E7A4F7556}") = "Notification.Application", "Services\Notification\Notification.Application\Notification.Application.csproj", "{881D16DD-2DA0-4E2E-93F3-C0BCC6A5187C}"
EndProject
Project("{E53339B2-1760-4266-BCC7-CA923CBCF16C}") = "docker-compose", "docker-compose.dcproj", "{E49E901C-6C45-4D22-AEDE-9EA47F0DFBB3}"
EndProject
Project("{2150E333-8FDC-42A3-9474-1A3956D46DE8}") = "Profile", "Profile", "{0C57FD92-E9AC-46DC-BDAB-5FFDBBDFF9F0}"
EndProject
Project("{9A19103F-16F7-4668-BE54-9A1E7A4F7556}") = "Profile.Api", "Services\Profile\Profile.Api\Profile.Api.csproj", "{7A0D367C-4271-4DA4-B83C-67DBF976B5BE}"
EndProject
Project("{9A19103F-16F7-4668-BE54-9A1E7A4F7556}") = "Profile.Application", "Services\Profile\Profile.Application\Profile.Application.csproj", "{C4769519-77F3-4BCC-A9D3-947A4F713338}"
EndProject
Project("{9A19103F-16F7-4668-BE54-9A1E7A4F7556}") = "Profile.Domain", "Services\Profile\Profile.Domain\Profile.Domain.csproj", "{2046906F-79B9-4AC9-87CE-CA49AFF02244}"
EndProject
Project("{9A19103F-16F7-4668-BE54-9A1E7A4F7556}") = "Profile.Infrastructure", "Services\Profile\Profile.Infrastructure\Profile.Infrastructure.csproj", "{6B87EACD-8106-4481-95A2-AB146BFCA10B}"
EndProject
Project("{2150E333-8FDC-42A3-9474-1A3956D46DE8}") = "Deploy", "Deploy", "{189B5B9C-8540-44F4-B86E-23F162AF21E4}"
EndProject
Project("{9A19103F-16F7-4668-BE54-9A1E7A4F7556}") = "Migrator", "Deploy\Migrator\Migrator.csproj", "{ED604E06-5A5B-43AE-9D40-C0302064D815}"
EndProject
Project("{2150E333-8FDC-42A3-9474-1A3956D46DE8}") = "Worker", "Worker", "{436CB0DE-185E-4DB7-859A-1709B0E997B3}"
EndProject
Project("{9A19103F-16F7-4668-BE54-9A1E7A4F7556}") = "Worker.Host", "Services\Worker\Worker.Host\Worker.Host.csproj", "{08712327-24B3-4B83-B61A-5A0FBDAB5959}"
EndProject
Project("{9A19103F-16F7-4668-BE54-9A1E7A4F7556}") = "Worker.Application", "Services\Worker\Worker.Application\Worker.Application.csproj", "{F3D40578-77B7-4CF1-A1ED-FE85D49D35AD}"
EndProject
Project("{9A19103F-16F7-4668-BE54-9A1E7A4F7556}") = "Worker.Infrastructure", "Services\Worker\Worker.Infrastructure\Worker.Infrastructure.csproj", "{008C594D-AD6C-44D3-B0B5-68292BA3AF7C}"
EndProject
Project("{2150E333-8FDC-42A3-9474-1A3956D46DE8}") = "Admin", "Admin", "{78563B99-832B-4462-9E70-082E42D23297}"
EndProject
Project("{9A19103F-16F7-4668-BE54-9A1E7A4F7556}") = "Admin.Api", "Services\Admin\Admin.Api\Admin.Api.csproj", "{BE7DE82A-8132-4441-9CC1-4B362FC80050}"
EndProject
Project("{9A19103F-16F7-4668-BE54-9A1E7A4F7556}") = "Admin.Application", "Services\Admin\Admin.Application\Admin.Application.csproj", "{6E4F813B-730C-4F3D-877D-DC522D5D0887}"
EndProject
Project("{9A19103F-16F7-4668-BE54-9A1E7A4F7556}") = "Admin.Infrastructure", "Services\Admin\Admin.Infrastructure\Admin.Infrastructure.csproj", "{DDAB3400-D6E0-4591-AA83-6CBE7B062542}"
EndProject
Project("{2150E333-8FDC-42A3-9474-1A3956D46DE8}") = "Livescore", "Livescore", "{37283DD6-3396-4965-8721-BD67A1AD11D6}"
EndProject
Project("{9A19103F-16F7-4668-BE54-9A1E7A4F7556}") = "Livescore.Api", "Services\Livescore\Livescore.Api\Livescore.Api.csproj", "{B43E0649-0A9D-4E0F-AD38-61666389E693}"
EndProject
Project("{9A19103F-16F7-4668-BE54-9A1E7A4F7556}") = "Livescore.Domain", "Services\Livescore\Livescore.Domain\Livescore.Domain.csproj", "{6EBF51C6-7AFA-4ADD-88D6-A049013D5099}"
EndProject
Project("{9A19103F-16F7-4668-BE54-9A1E7A4F7556}") = "Livescore.Application", "Services\Livescore\Livescore.Application\Livescore.Application.csproj", "{E11324F6-E32D-4AA2-A4B2-515D9EB3B38B}"
EndProject
Project("{9A19103F-16F7-4668-BE54-9A1E7A4F7556}") = "Livescore.Infrastructure", "Services\Livescore\Livescore.Infrastructure\Livescore.Infrastructure.csproj", "{2EEDF024-1119-47A7-B717-6F896B267282}"
EndProject
Project("{9A19103F-16F7-4668-BE54-9A1E7A4F7556}") = "Livescore.IntegrationTests", "Services\Livescore\Livescore.IntegrationTests\Livescore.IntegrationTests.csproj", "{66EFEA45-BB63-4A72-B13D-46FD26076BF5}"
EndProject
Project("{2150E333-8FDC-42A3-9474-1A3956D46DE8}") = "FileHostingGateway", "FileHostingGateway", "{709F4BA1-B933-405C-871F-C05D61F03E35}"
EndProject
Project("{9A19103F-16F7-4668-BE54-9A1E7A4F7556}") = "FileHostingGateway.Host", "Services\FileHostingGateway\FileHostingGateway.Host\FileHostingGateway.Host.csproj", "{89C7A370-7D50-497E-8C67-BF5B6F9E9E20}"
EndProject
Project("{9A19103F-16F7-4668-BE54-9A1E7A4F7556}") = "FileHostingGateway.Application", "Services\FileHostingGateway\FileHostingGateway.Application\FileHostingGateway.Application.csproj", "{16743C01-8450-4424-AA4F-FE274FF0CAA8}"
EndProject
Project("{9A19103F-16F7-4668-BE54-9A1E7A4F7556}") = "FileHostingGateway.Infrastructure", "Services\FileHostingGateway\FileHostingGateway.Infrastructure\FileHostingGateway.Infrastructure.csproj", "{117046CE-FBEA-4DC6-82CB-A56C4AE9D9A8}"
EndProject
Project("{2150E333-8FDC-42A3-9474-1A3956D46DE8}") = "Feed", "Feed", "{49CB95FB-5AD2-4364-B339-80B1D830A452}"
EndProject
Project("{9A19103F-16F7-4668-BE54-9A1E7A4F7556}") = "Feed.Api", "Services\Feed\Feed.Api\Feed.Api.csproj", "{E4E944ED-D662-4BC0-9F31-75D5B309DD39}"
EndProject
Project("{9A19103F-16F7-4668-BE54-9A1E7A4F7556}") = "Feed.Application", "Services\Feed\Feed.Application\Feed.Application.csproj", "{8AB47AA6-CA59-41B5-AE40-FEEA10C6A82E}"
EndProject
Project("{9A19103F-16F7-4668-BE54-9A1E7A4F7556}") = "Feed.Infrastructure", "Services\Feed\Feed.Infrastructure\Feed.Infrastructure.csproj", "{FFA2F5E4-CD07-468C-96CE-2B871193B7D7}"
EndProject
Project("{9A19103F-16F7-4668-BE54-9A1E7A4F7556}") = "Feed.Domain", "Services\Feed\Feed.Domain\Feed.Domain.csproj", "{7288A429-52F0-483C-BC3E-6F188A00604F}"
EndProject
Project("{9A19103F-16F7-4668-BE54-9A1E7A4F7556}") = "Superuser", "Deploy\Superuser\Superuser.csproj", "{9F761B27-60F9-49DD-B9DB-28B995768BA1}"
EndProject
Project("{9A19103F-16F7-4668-BE54-9A1E7A4F7556}") = "Feed.IntegrationTests", "Services\Feed\Feed.IntegrationTests\Feed.IntegrationTests.csproj", "{A1EDBC2A-1D3C-46D8-8DAA-76C3B7F12EDD}"
EndProject
Project("{9A19103F-16F7-4668-BE54-9A1E7A4F7556}") = "Identity.IntegrationTests", "Services\Identity\Identity.IntegrationTests\Identity.IntegrationTests.csproj", "{429C5211-8158-4342-B8E5-561281FD9F34}"
EndProject
Project("{FAE04EC0-301F-11D3-BF4B-00C04F79EFBC}") = "FileHostingGateway.IntegrationTests", "Services\FileHostingGateway\FileHostingGateway.IntegrationTests\FileHostingGateway.IntegrationTests.csproj", "{6C58CB7F-4CF8-4165-94A3-880BE4ED8CAD}"
EndProject
Global
	GlobalSection(SolutionConfigurationPlatforms) = preSolution
		Debug|Any CPU = Debug|Any CPU
		Debug|x64 = Debug|x64
		Debug|x86 = Debug|x86
		Release|Any CPU = Release|Any CPU
		Release|x64 = Release|x64
		Release|x86 = Release|x86
	EndGlobalSection
	GlobalSection(ProjectConfigurationPlatforms) = postSolution
		{96400768-ED8C-4C08-A801-100CADC7740D}.Debug|Any CPU.ActiveCfg = Debug|Any CPU
		{96400768-ED8C-4C08-A801-100CADC7740D}.Debug|Any CPU.Build.0 = Debug|Any CPU
		{96400768-ED8C-4C08-A801-100CADC7740D}.Debug|x64.ActiveCfg = Debug|Any CPU
		{96400768-ED8C-4C08-A801-100CADC7740D}.Debug|x64.Build.0 = Debug|Any CPU
		{96400768-ED8C-4C08-A801-100CADC7740D}.Debug|x86.ActiveCfg = Debug|Any CPU
		{96400768-ED8C-4C08-A801-100CADC7740D}.Debug|x86.Build.0 = Debug|Any CPU
		{96400768-ED8C-4C08-A801-100CADC7740D}.Release|Any CPU.ActiveCfg = Release|Any CPU
		{96400768-ED8C-4C08-A801-100CADC7740D}.Release|Any CPU.Build.0 = Release|Any CPU
		{96400768-ED8C-4C08-A801-100CADC7740D}.Release|x64.ActiveCfg = Release|Any CPU
		{96400768-ED8C-4C08-A801-100CADC7740D}.Release|x64.Build.0 = Release|Any CPU
		{96400768-ED8C-4C08-A801-100CADC7740D}.Release|x86.ActiveCfg = Release|Any CPU
		{96400768-ED8C-4C08-A801-100CADC7740D}.Release|x86.Build.0 = Release|Any CPU
		{38843402-0817-4846-B31D-84125907FE36}.Debug|Any CPU.ActiveCfg = Debug|Any CPU
		{38843402-0817-4846-B31D-84125907FE36}.Debug|Any CPU.Build.0 = Debug|Any CPU
		{38843402-0817-4846-B31D-84125907FE36}.Debug|x64.ActiveCfg = Debug|Any CPU
		{38843402-0817-4846-B31D-84125907FE36}.Debug|x64.Build.0 = Debug|Any CPU
		{38843402-0817-4846-B31D-84125907FE36}.Debug|x86.ActiveCfg = Debug|Any CPU
		{38843402-0817-4846-B31D-84125907FE36}.Debug|x86.Build.0 = Debug|Any CPU
		{38843402-0817-4846-B31D-84125907FE36}.Release|Any CPU.ActiveCfg = Release|Any CPU
		{38843402-0817-4846-B31D-84125907FE36}.Release|Any CPU.Build.0 = Release|Any CPU
		{38843402-0817-4846-B31D-84125907FE36}.Release|x64.ActiveCfg = Release|Any CPU
		{38843402-0817-4846-B31D-84125907FE36}.Release|x64.Build.0 = Release|Any CPU
		{38843402-0817-4846-B31D-84125907FE36}.Release|x86.ActiveCfg = Release|Any CPU
		{38843402-0817-4846-B31D-84125907FE36}.Release|x86.Build.0 = Release|Any CPU
		{5254828C-51B7-43AA-A0B2-41FE0CE700EA}.Debug|Any CPU.ActiveCfg = Debug|Any CPU
		{5254828C-51B7-43AA-A0B2-41FE0CE700EA}.Debug|Any CPU.Build.0 = Debug|Any CPU
		{5254828C-51B7-43AA-A0B2-41FE0CE700EA}.Debug|x64.ActiveCfg = Debug|Any CPU
		{5254828C-51B7-43AA-A0B2-41FE0CE700EA}.Debug|x64.Build.0 = Debug|Any CPU
		{5254828C-51B7-43AA-A0B2-41FE0CE700EA}.Debug|x86.ActiveCfg = Debug|Any CPU
		{5254828C-51B7-43AA-A0B2-41FE0CE700EA}.Debug|x86.Build.0 = Debug|Any CPU
		{5254828C-51B7-43AA-A0B2-41FE0CE700EA}.Release|Any CPU.ActiveCfg = Release|Any CPU
		{5254828C-51B7-43AA-A0B2-41FE0CE700EA}.Release|Any CPU.Build.0 = Release|Any CPU
		{5254828C-51B7-43AA-A0B2-41FE0CE700EA}.Release|x64.ActiveCfg = Release|Any CPU
		{5254828C-51B7-43AA-A0B2-41FE0CE700EA}.Release|x64.Build.0 = Release|Any CPU
		{5254828C-51B7-43AA-A0B2-41FE0CE700EA}.Release|x86.ActiveCfg = Release|Any CPU
		{5254828C-51B7-43AA-A0B2-41FE0CE700EA}.Release|x86.Build.0 = Release|Any CPU
		{7311EE60-27F6-40BA-9230-EEEBA25A39CE}.Debug|Any CPU.ActiveCfg = Debug|Any CPU
		{7311EE60-27F6-40BA-9230-EEEBA25A39CE}.Debug|Any CPU.Build.0 = Debug|Any CPU
		{7311EE60-27F6-40BA-9230-EEEBA25A39CE}.Debug|x64.ActiveCfg = Debug|Any CPU
		{7311EE60-27F6-40BA-9230-EEEBA25A39CE}.Debug|x64.Build.0 = Debug|Any CPU
		{7311EE60-27F6-40BA-9230-EEEBA25A39CE}.Debug|x86.ActiveCfg = Debug|Any CPU
		{7311EE60-27F6-40BA-9230-EEEBA25A39CE}.Debug|x86.Build.0 = Debug|Any CPU
		{7311EE60-27F6-40BA-9230-EEEBA25A39CE}.Release|Any CPU.ActiveCfg = Release|Any CPU
		{7311EE60-27F6-40BA-9230-EEEBA25A39CE}.Release|Any CPU.Build.0 = Release|Any CPU
		{7311EE60-27F6-40BA-9230-EEEBA25A39CE}.Release|x64.ActiveCfg = Release|Any CPU
		{7311EE60-27F6-40BA-9230-EEEBA25A39CE}.Release|x64.Build.0 = Release|Any CPU
		{7311EE60-27F6-40BA-9230-EEEBA25A39CE}.Release|x86.ActiveCfg = Release|Any CPU
		{7311EE60-27F6-40BA-9230-EEEBA25A39CE}.Release|x86.Build.0 = Release|Any CPU
		{C60347DB-4A1D-4655-B60A-577DEB366690}.Debug|Any CPU.ActiveCfg = Debug|Any CPU
		{C60347DB-4A1D-4655-B60A-577DEB366690}.Debug|Any CPU.Build.0 = Debug|Any CPU
		{C60347DB-4A1D-4655-B60A-577DEB366690}.Debug|x64.ActiveCfg = Debug|Any CPU
		{C60347DB-4A1D-4655-B60A-577DEB366690}.Debug|x64.Build.0 = Debug|Any CPU
		{C60347DB-4A1D-4655-B60A-577DEB366690}.Debug|x86.ActiveCfg = Debug|Any CPU
		{C60347DB-4A1D-4655-B60A-577DEB366690}.Debug|x86.Build.0 = Debug|Any CPU
		{C60347DB-4A1D-4655-B60A-577DEB366690}.Release|Any CPU.ActiveCfg = Release|Any CPU
		{C60347DB-4A1D-4655-B60A-577DEB366690}.Release|Any CPU.Build.0 = Release|Any CPU
		{C60347DB-4A1D-4655-B60A-577DEB366690}.Release|x64.ActiveCfg = Release|Any CPU
		{C60347DB-4A1D-4655-B60A-577DEB366690}.Release|x64.Build.0 = Release|Any CPU
		{C60347DB-4A1D-4655-B60A-577DEB366690}.Release|x86.ActiveCfg = Release|Any CPU
		{C60347DB-4A1D-4655-B60A-577DEB366690}.Release|x86.Build.0 = Release|Any CPU
		{E5DA63A7-2ADE-49E4-9BC5-E38D353ABBB8}.Debug|Any CPU.ActiveCfg = Debug|Any CPU
		{E5DA63A7-2ADE-49E4-9BC5-E38D353ABBB8}.Debug|Any CPU.Build.0 = Debug|Any CPU
		{E5DA63A7-2ADE-49E4-9BC5-E38D353ABBB8}.Debug|x64.ActiveCfg = Debug|Any CPU
		{E5DA63A7-2ADE-49E4-9BC5-E38D353ABBB8}.Debug|x64.Build.0 = Debug|Any CPU
		{E5DA63A7-2ADE-49E4-9BC5-E38D353ABBB8}.Debug|x86.ActiveCfg = Debug|Any CPU
		{E5DA63A7-2ADE-49E4-9BC5-E38D353ABBB8}.Debug|x86.Build.0 = Debug|Any CPU
		{E5DA63A7-2ADE-49E4-9BC5-E38D353ABBB8}.Release|Any CPU.ActiveCfg = Release|Any CPU
		{E5DA63A7-2ADE-49E4-9BC5-E38D353ABBB8}.Release|Any CPU.Build.0 = Release|Any CPU
		{E5DA63A7-2ADE-49E4-9BC5-E38D353ABBB8}.Release|x64.ActiveCfg = Release|Any CPU
		{E5DA63A7-2ADE-49E4-9BC5-E38D353ABBB8}.Release|x64.Build.0 = Release|Any CPU
		{E5DA63A7-2ADE-49E4-9BC5-E38D353ABBB8}.Release|x86.ActiveCfg = Release|Any CPU
		{E5DA63A7-2ADE-49E4-9BC5-E38D353ABBB8}.Release|x86.Build.0 = Release|Any CPU
		{12C69DA7-6C2D-46B4-9DC8-28F9853517D7}.Debug|Any CPU.ActiveCfg = Debug|Any CPU
		{12C69DA7-6C2D-46B4-9DC8-28F9853517D7}.Debug|Any CPU.Build.0 = Debug|Any CPU
		{12C69DA7-6C2D-46B4-9DC8-28F9853517D7}.Debug|x64.ActiveCfg = Debug|Any CPU
		{12C69DA7-6C2D-46B4-9DC8-28F9853517D7}.Debug|x64.Build.0 = Debug|Any CPU
		{12C69DA7-6C2D-46B4-9DC8-28F9853517D7}.Debug|x86.ActiveCfg = Debug|Any CPU
		{12C69DA7-6C2D-46B4-9DC8-28F9853517D7}.Debug|x86.Build.0 = Debug|Any CPU
		{12C69DA7-6C2D-46B4-9DC8-28F9853517D7}.Release|Any CPU.ActiveCfg = Release|Any CPU
		{12C69DA7-6C2D-46B4-9DC8-28F9853517D7}.Release|Any CPU.Build.0 = Release|Any CPU
		{12C69DA7-6C2D-46B4-9DC8-28F9853517D7}.Release|x64.ActiveCfg = Release|Any CPU
		{12C69DA7-6C2D-46B4-9DC8-28F9853517D7}.Release|x64.Build.0 = Release|Any CPU
		{12C69DA7-6C2D-46B4-9DC8-28F9853517D7}.Release|x86.ActiveCfg = Release|Any CPU
		{12C69DA7-6C2D-46B4-9DC8-28F9853517D7}.Release|x86.Build.0 = Release|Any CPU
		{881D16DD-2DA0-4E2E-93F3-C0BCC6A5187C}.Debug|Any CPU.ActiveCfg = Debug|Any CPU
		{881D16DD-2DA0-4E2E-93F3-C0BCC6A5187C}.Debug|Any CPU.Build.0 = Debug|Any CPU
		{881D16DD-2DA0-4E2E-93F3-C0BCC6A5187C}.Debug|x64.ActiveCfg = Debug|Any CPU
		{881D16DD-2DA0-4E2E-93F3-C0BCC6A5187C}.Debug|x64.Build.0 = Debug|Any CPU
		{881D16DD-2DA0-4E2E-93F3-C0BCC6A5187C}.Debug|x86.ActiveCfg = Debug|Any CPU
		{881D16DD-2DA0-4E2E-93F3-C0BCC6A5187C}.Debug|x86.Build.0 = Debug|Any CPU
		{881D16DD-2DA0-4E2E-93F3-C0BCC6A5187C}.Release|Any CPU.ActiveCfg = Release|Any CPU
		{881D16DD-2DA0-4E2E-93F3-C0BCC6A5187C}.Release|Any CPU.Build.0 = Release|Any CPU
		{881D16DD-2DA0-4E2E-93F3-C0BCC6A5187C}.Release|x64.ActiveCfg = Release|Any CPU
		{881D16DD-2DA0-4E2E-93F3-C0BCC6A5187C}.Release|x64.Build.0 = Release|Any CPU
		{881D16DD-2DA0-4E2E-93F3-C0BCC6A5187C}.Release|x86.ActiveCfg = Release|Any CPU
		{881D16DD-2DA0-4E2E-93F3-C0BCC6A5187C}.Release|x86.Build.0 = Release|Any CPU
		{E49E901C-6C45-4D22-AEDE-9EA47F0DFBB3}.Debug|Any CPU.ActiveCfg = Debug|Any CPU
		{E49E901C-6C45-4D22-AEDE-9EA47F0DFBB3}.Debug|Any CPU.Build.0 = Debug|Any CPU
		{E49E901C-6C45-4D22-AEDE-9EA47F0DFBB3}.Debug|x64.ActiveCfg = Debug|Any CPU
		{E49E901C-6C45-4D22-AEDE-9EA47F0DFBB3}.Debug|x64.Build.0 = Debug|Any CPU
		{E49E901C-6C45-4D22-AEDE-9EA47F0DFBB3}.Debug|x86.ActiveCfg = Debug|Any CPU
		{E49E901C-6C45-4D22-AEDE-9EA47F0DFBB3}.Debug|x86.Build.0 = Debug|Any CPU
		{E49E901C-6C45-4D22-AEDE-9EA47F0DFBB3}.Release|Any CPU.ActiveCfg = Release|Any CPU
		{E49E901C-6C45-4D22-AEDE-9EA47F0DFBB3}.Release|Any CPU.Build.0 = Release|Any CPU
		{E49E901C-6C45-4D22-AEDE-9EA47F0DFBB3}.Release|x64.ActiveCfg = Release|Any CPU
		{E49E901C-6C45-4D22-AEDE-9EA47F0DFBB3}.Release|x64.Build.0 = Release|Any CPU
		{E49E901C-6C45-4D22-AEDE-9EA47F0DFBB3}.Release|x86.ActiveCfg = Release|Any CPU
		{E49E901C-6C45-4D22-AEDE-9EA47F0DFBB3}.Release|x86.Build.0 = Release|Any CPU
		{7A0D367C-4271-4DA4-B83C-67DBF976B5BE}.Debug|Any CPU.ActiveCfg = Debug|Any CPU
		{7A0D367C-4271-4DA4-B83C-67DBF976B5BE}.Debug|Any CPU.Build.0 = Debug|Any CPU
		{7A0D367C-4271-4DA4-B83C-67DBF976B5BE}.Debug|x64.ActiveCfg = Debug|Any CPU
		{7A0D367C-4271-4DA4-B83C-67DBF976B5BE}.Debug|x64.Build.0 = Debug|Any CPU
		{7A0D367C-4271-4DA4-B83C-67DBF976B5BE}.Debug|x86.ActiveCfg = Debug|Any CPU
		{7A0D367C-4271-4DA4-B83C-67DBF976B5BE}.Debug|x86.Build.0 = Debug|Any CPU
		{7A0D367C-4271-4DA4-B83C-67DBF976B5BE}.Release|Any CPU.ActiveCfg = Release|Any CPU
		{7A0D367C-4271-4DA4-B83C-67DBF976B5BE}.Release|Any CPU.Build.0 = Release|Any CPU
		{7A0D367C-4271-4DA4-B83C-67DBF976B5BE}.Release|x64.ActiveCfg = Release|Any CPU
		{7A0D367C-4271-4DA4-B83C-67DBF976B5BE}.Release|x64.Build.0 = Release|Any CPU
		{7A0D367C-4271-4DA4-B83C-67DBF976B5BE}.Release|x86.ActiveCfg = Release|Any CPU
		{7A0D367C-4271-4DA4-B83C-67DBF976B5BE}.Release|x86.Build.0 = Release|Any CPU
		{C4769519-77F3-4BCC-A9D3-947A4F713338}.Debug|Any CPU.ActiveCfg = Debug|Any CPU
		{C4769519-77F3-4BCC-A9D3-947A4F713338}.Debug|Any CPU.Build.0 = Debug|Any CPU
		{C4769519-77F3-4BCC-A9D3-947A4F713338}.Debug|x64.ActiveCfg = Debug|Any CPU
		{C4769519-77F3-4BCC-A9D3-947A4F713338}.Debug|x64.Build.0 = Debug|Any CPU
		{C4769519-77F3-4BCC-A9D3-947A4F713338}.Debug|x86.ActiveCfg = Debug|Any CPU
		{C4769519-77F3-4BCC-A9D3-947A4F713338}.Debug|x86.Build.0 = Debug|Any CPU
		{C4769519-77F3-4BCC-A9D3-947A4F713338}.Release|Any CPU.ActiveCfg = Release|Any CPU
		{C4769519-77F3-4BCC-A9D3-947A4F713338}.Release|Any CPU.Build.0 = Release|Any CPU
		{C4769519-77F3-4BCC-A9D3-947A4F713338}.Release|x64.ActiveCfg = Release|Any CPU
		{C4769519-77F3-4BCC-A9D3-947A4F713338}.Release|x64.Build.0 = Release|Any CPU
		{C4769519-77F3-4BCC-A9D3-947A4F713338}.Release|x86.ActiveCfg = Release|Any CPU
		{C4769519-77F3-4BCC-A9D3-947A4F713338}.Release|x86.Build.0 = Release|Any CPU
		{2046906F-79B9-4AC9-87CE-CA49AFF02244}.Debug|Any CPU.ActiveCfg = Debug|Any CPU
		{2046906F-79B9-4AC9-87CE-CA49AFF02244}.Debug|Any CPU.Build.0 = Debug|Any CPU
		{2046906F-79B9-4AC9-87CE-CA49AFF02244}.Debug|x64.ActiveCfg = Debug|Any CPU
		{2046906F-79B9-4AC9-87CE-CA49AFF02244}.Debug|x64.Build.0 = Debug|Any CPU
		{2046906F-79B9-4AC9-87CE-CA49AFF02244}.Debug|x86.ActiveCfg = Debug|Any CPU
		{2046906F-79B9-4AC9-87CE-CA49AFF02244}.Debug|x86.Build.0 = Debug|Any CPU
		{2046906F-79B9-4AC9-87CE-CA49AFF02244}.Release|Any CPU.ActiveCfg = Release|Any CPU
		{2046906F-79B9-4AC9-87CE-CA49AFF02244}.Release|Any CPU.Build.0 = Release|Any CPU
		{2046906F-79B9-4AC9-87CE-CA49AFF02244}.Release|x64.ActiveCfg = Release|Any CPU
		{2046906F-79B9-4AC9-87CE-CA49AFF02244}.Release|x64.Build.0 = Release|Any CPU
		{2046906F-79B9-4AC9-87CE-CA49AFF02244}.Release|x86.ActiveCfg = Release|Any CPU
		{2046906F-79B9-4AC9-87CE-CA49AFF02244}.Release|x86.Build.0 = Release|Any CPU
		{6B87EACD-8106-4481-95A2-AB146BFCA10B}.Debug|Any CPU.ActiveCfg = Debug|Any CPU
		{6B87EACD-8106-4481-95A2-AB146BFCA10B}.Debug|Any CPU.Build.0 = Debug|Any CPU
		{6B87EACD-8106-4481-95A2-AB146BFCA10B}.Debug|x64.ActiveCfg = Debug|Any CPU
		{6B87EACD-8106-4481-95A2-AB146BFCA10B}.Debug|x64.Build.0 = Debug|Any CPU
		{6B87EACD-8106-4481-95A2-AB146BFCA10B}.Debug|x86.ActiveCfg = Debug|Any CPU
		{6B87EACD-8106-4481-95A2-AB146BFCA10B}.Debug|x86.Build.0 = Debug|Any CPU
		{6B87EACD-8106-4481-95A2-AB146BFCA10B}.Release|Any CPU.ActiveCfg = Release|Any CPU
		{6B87EACD-8106-4481-95A2-AB146BFCA10B}.Release|Any CPU.Build.0 = Release|Any CPU
		{6B87EACD-8106-4481-95A2-AB146BFCA10B}.Release|x64.ActiveCfg = Release|Any CPU
		{6B87EACD-8106-4481-95A2-AB146BFCA10B}.Release|x64.Build.0 = Release|Any CPU
		{6B87EACD-8106-4481-95A2-AB146BFCA10B}.Release|x86.ActiveCfg = Release|Any CPU
		{6B87EACD-8106-4481-95A2-AB146BFCA10B}.Release|x86.Build.0 = Release|Any CPU
		{ED604E06-5A5B-43AE-9D40-C0302064D815}.Debug|Any CPU.ActiveCfg = Debug|Any CPU
		{ED604E06-5A5B-43AE-9D40-C0302064D815}.Debug|Any CPU.Build.0 = Debug|Any CPU
		{ED604E06-5A5B-43AE-9D40-C0302064D815}.Debug|x64.ActiveCfg = Debug|Any CPU
		{ED604E06-5A5B-43AE-9D40-C0302064D815}.Debug|x64.Build.0 = Debug|Any CPU
		{ED604E06-5A5B-43AE-9D40-C0302064D815}.Debug|x86.ActiveCfg = Debug|Any CPU
		{ED604E06-5A5B-43AE-9D40-C0302064D815}.Debug|x86.Build.0 = Debug|Any CPU
		{ED604E06-5A5B-43AE-9D40-C0302064D815}.Release|Any CPU.ActiveCfg = Release|Any CPU
		{ED604E06-5A5B-43AE-9D40-C0302064D815}.Release|Any CPU.Build.0 = Release|Any CPU
		{ED604E06-5A5B-43AE-9D40-C0302064D815}.Release|x64.ActiveCfg = Release|Any CPU
		{ED604E06-5A5B-43AE-9D40-C0302064D815}.Release|x64.Build.0 = Release|Any CPU
		{ED604E06-5A5B-43AE-9D40-C0302064D815}.Release|x86.ActiveCfg = Release|Any CPU
		{ED604E06-5A5B-43AE-9D40-C0302064D815}.Release|x86.Build.0 = Release|Any CPU
		{08712327-24B3-4B83-B61A-5A0FBDAB5959}.Debug|Any CPU.ActiveCfg = Debug|Any CPU
		{08712327-24B3-4B83-B61A-5A0FBDAB5959}.Debug|Any CPU.Build.0 = Debug|Any CPU
		{08712327-24B3-4B83-B61A-5A0FBDAB5959}.Debug|x64.ActiveCfg = Debug|Any CPU
		{08712327-24B3-4B83-B61A-5A0FBDAB5959}.Debug|x64.Build.0 = Debug|Any CPU
		{08712327-24B3-4B83-B61A-5A0FBDAB5959}.Debug|x86.ActiveCfg = Debug|Any CPU
		{08712327-24B3-4B83-B61A-5A0FBDAB5959}.Debug|x86.Build.0 = Debug|Any CPU
		{08712327-24B3-4B83-B61A-5A0FBDAB5959}.Release|Any CPU.ActiveCfg = Release|Any CPU
		{08712327-24B3-4B83-B61A-5A0FBDAB5959}.Release|Any CPU.Build.0 = Release|Any CPU
		{08712327-24B3-4B83-B61A-5A0FBDAB5959}.Release|x64.ActiveCfg = Release|Any CPU
		{08712327-24B3-4B83-B61A-5A0FBDAB5959}.Release|x64.Build.0 = Release|Any CPU
		{08712327-24B3-4B83-B61A-5A0FBDAB5959}.Release|x86.ActiveCfg = Release|Any CPU
		{08712327-24B3-4B83-B61A-5A0FBDAB5959}.Release|x86.Build.0 = Release|Any CPU
		{F3D40578-77B7-4CF1-A1ED-FE85D49D35AD}.Debug|Any CPU.ActiveCfg = Debug|Any CPU
		{F3D40578-77B7-4CF1-A1ED-FE85D49D35AD}.Debug|Any CPU.Build.0 = Debug|Any CPU
		{F3D40578-77B7-4CF1-A1ED-FE85D49D35AD}.Debug|x64.ActiveCfg = Debug|Any CPU
		{F3D40578-77B7-4CF1-A1ED-FE85D49D35AD}.Debug|x64.Build.0 = Debug|Any CPU
		{F3D40578-77B7-4CF1-A1ED-FE85D49D35AD}.Debug|x86.ActiveCfg = Debug|Any CPU
		{F3D40578-77B7-4CF1-A1ED-FE85D49D35AD}.Debug|x86.Build.0 = Debug|Any CPU
		{F3D40578-77B7-4CF1-A1ED-FE85D49D35AD}.Release|Any CPU.ActiveCfg = Release|Any CPU
		{F3D40578-77B7-4CF1-A1ED-FE85D49D35AD}.Release|Any CPU.Build.0 = Release|Any CPU
		{F3D40578-77B7-4CF1-A1ED-FE85D49D35AD}.Release|x64.ActiveCfg = Release|Any CPU
		{F3D40578-77B7-4CF1-A1ED-FE85D49D35AD}.Release|x64.Build.0 = Release|Any CPU
		{F3D40578-77B7-4CF1-A1ED-FE85D49D35AD}.Release|x86.ActiveCfg = Release|Any CPU
		{F3D40578-77B7-4CF1-A1ED-FE85D49D35AD}.Release|x86.Build.0 = Release|Any CPU
		{008C594D-AD6C-44D3-B0B5-68292BA3AF7C}.Debug|Any CPU.ActiveCfg = Debug|Any CPU
		{008C594D-AD6C-44D3-B0B5-68292BA3AF7C}.Debug|Any CPU.Build.0 = Debug|Any CPU
		{008C594D-AD6C-44D3-B0B5-68292BA3AF7C}.Debug|x64.ActiveCfg = Debug|Any CPU
		{008C594D-AD6C-44D3-B0B5-68292BA3AF7C}.Debug|x64.Build.0 = Debug|Any CPU
		{008C594D-AD6C-44D3-B0B5-68292BA3AF7C}.Debug|x86.ActiveCfg = Debug|Any CPU
		{008C594D-AD6C-44D3-B0B5-68292BA3AF7C}.Debug|x86.Build.0 = Debug|Any CPU
		{008C594D-AD6C-44D3-B0B5-68292BA3AF7C}.Release|Any CPU.ActiveCfg = Release|Any CPU
		{008C594D-AD6C-44D3-B0B5-68292BA3AF7C}.Release|Any CPU.Build.0 = Release|Any CPU
		{008C594D-AD6C-44D3-B0B5-68292BA3AF7C}.Release|x64.ActiveCfg = Release|Any CPU
		{008C594D-AD6C-44D3-B0B5-68292BA3AF7C}.Release|x64.Build.0 = Release|Any CPU
		{008C594D-AD6C-44D3-B0B5-68292BA3AF7C}.Release|x86.ActiveCfg = Release|Any CPU
		{008C594D-AD6C-44D3-B0B5-68292BA3AF7C}.Release|x86.Build.0 = Release|Any CPU
		{BE7DE82A-8132-4441-9CC1-4B362FC80050}.Debug|Any CPU.ActiveCfg = Debug|Any CPU
		{BE7DE82A-8132-4441-9CC1-4B362FC80050}.Debug|Any CPU.Build.0 = Debug|Any CPU
		{BE7DE82A-8132-4441-9CC1-4B362FC80050}.Debug|x64.ActiveCfg = Debug|Any CPU
		{BE7DE82A-8132-4441-9CC1-4B362FC80050}.Debug|x64.Build.0 = Debug|Any CPU
		{BE7DE82A-8132-4441-9CC1-4B362FC80050}.Debug|x86.ActiveCfg = Debug|Any CPU
		{BE7DE82A-8132-4441-9CC1-4B362FC80050}.Debug|x86.Build.0 = Debug|Any CPU
		{BE7DE82A-8132-4441-9CC1-4B362FC80050}.Release|Any CPU.ActiveCfg = Release|Any CPU
		{BE7DE82A-8132-4441-9CC1-4B362FC80050}.Release|Any CPU.Build.0 = Release|Any CPU
		{BE7DE82A-8132-4441-9CC1-4B362FC80050}.Release|x64.ActiveCfg = Release|Any CPU
		{BE7DE82A-8132-4441-9CC1-4B362FC80050}.Release|x64.Build.0 = Release|Any CPU
		{BE7DE82A-8132-4441-9CC1-4B362FC80050}.Release|x86.ActiveCfg = Release|Any CPU
		{BE7DE82A-8132-4441-9CC1-4B362FC80050}.Release|x86.Build.0 = Release|Any CPU
		{6E4F813B-730C-4F3D-877D-DC522D5D0887}.Debug|Any CPU.ActiveCfg = Debug|Any CPU
		{6E4F813B-730C-4F3D-877D-DC522D5D0887}.Debug|Any CPU.Build.0 = Debug|Any CPU
		{6E4F813B-730C-4F3D-877D-DC522D5D0887}.Debug|x64.ActiveCfg = Debug|Any CPU
		{6E4F813B-730C-4F3D-877D-DC522D5D0887}.Debug|x64.Build.0 = Debug|Any CPU
		{6E4F813B-730C-4F3D-877D-DC522D5D0887}.Debug|x86.ActiveCfg = Debug|Any CPU
		{6E4F813B-730C-4F3D-877D-DC522D5D0887}.Debug|x86.Build.0 = Debug|Any CPU
		{6E4F813B-730C-4F3D-877D-DC522D5D0887}.Release|Any CPU.ActiveCfg = Release|Any CPU
		{6E4F813B-730C-4F3D-877D-DC522D5D0887}.Release|Any CPU.Build.0 = Release|Any CPU
		{6E4F813B-730C-4F3D-877D-DC522D5D0887}.Release|x64.ActiveCfg = Release|Any CPU
		{6E4F813B-730C-4F3D-877D-DC522D5D0887}.Release|x64.Build.0 = Release|Any CPU
		{6E4F813B-730C-4F3D-877D-DC522D5D0887}.Release|x86.ActiveCfg = Release|Any CPU
		{6E4F813B-730C-4F3D-877D-DC522D5D0887}.Release|x86.Build.0 = Release|Any CPU
		{DDAB3400-D6E0-4591-AA83-6CBE7B062542}.Debug|Any CPU.ActiveCfg = Debug|Any CPU
		{DDAB3400-D6E0-4591-AA83-6CBE7B062542}.Debug|Any CPU.Build.0 = Debug|Any CPU
		{DDAB3400-D6E0-4591-AA83-6CBE7B062542}.Debug|x64.ActiveCfg = Debug|Any CPU
		{DDAB3400-D6E0-4591-AA83-6CBE7B062542}.Debug|x64.Build.0 = Debug|Any CPU
		{DDAB3400-D6E0-4591-AA83-6CBE7B062542}.Debug|x86.ActiveCfg = Debug|Any CPU
		{DDAB3400-D6E0-4591-AA83-6CBE7B062542}.Debug|x86.Build.0 = Debug|Any CPU
		{DDAB3400-D6E0-4591-AA83-6CBE7B062542}.Release|Any CPU.ActiveCfg = Release|Any CPU
		{DDAB3400-D6E0-4591-AA83-6CBE7B062542}.Release|Any CPU.Build.0 = Release|Any CPU
		{DDAB3400-D6E0-4591-AA83-6CBE7B062542}.Release|x64.ActiveCfg = Release|Any CPU
		{DDAB3400-D6E0-4591-AA83-6CBE7B062542}.Release|x64.Build.0 = Release|Any CPU
		{DDAB3400-D6E0-4591-AA83-6CBE7B062542}.Release|x86.ActiveCfg = Release|Any CPU
		{DDAB3400-D6E0-4591-AA83-6CBE7B062542}.Release|x86.Build.0 = Release|Any CPU
		{B43E0649-0A9D-4E0F-AD38-61666389E693}.Debug|Any CPU.ActiveCfg = Debug|Any CPU
		{B43E0649-0A9D-4E0F-AD38-61666389E693}.Debug|Any CPU.Build.0 = Debug|Any CPU
		{B43E0649-0A9D-4E0F-AD38-61666389E693}.Debug|x64.ActiveCfg = Debug|Any CPU
		{B43E0649-0A9D-4E0F-AD38-61666389E693}.Debug|x64.Build.0 = Debug|Any CPU
		{B43E0649-0A9D-4E0F-AD38-61666389E693}.Debug|x86.ActiveCfg = Debug|Any CPU
		{B43E0649-0A9D-4E0F-AD38-61666389E693}.Debug|x86.Build.0 = Debug|Any CPU
		{B43E0649-0A9D-4E0F-AD38-61666389E693}.Release|Any CPU.ActiveCfg = Release|Any CPU
		{B43E0649-0A9D-4E0F-AD38-61666389E693}.Release|Any CPU.Build.0 = Release|Any CPU
		{B43E0649-0A9D-4E0F-AD38-61666389E693}.Release|x64.ActiveCfg = Release|Any CPU
		{B43E0649-0A9D-4E0F-AD38-61666389E693}.Release|x64.Build.0 = Release|Any CPU
		{B43E0649-0A9D-4E0F-AD38-61666389E693}.Release|x86.ActiveCfg = Release|Any CPU
		{B43E0649-0A9D-4E0F-AD38-61666389E693}.Release|x86.Build.0 = Release|Any CPU
		{6EBF51C6-7AFA-4ADD-88D6-A049013D5099}.Debug|Any CPU.ActiveCfg = Debug|Any CPU
		{6EBF51C6-7AFA-4ADD-88D6-A049013D5099}.Debug|Any CPU.Build.0 = Debug|Any CPU
		{6EBF51C6-7AFA-4ADD-88D6-A049013D5099}.Debug|x64.ActiveCfg = Debug|Any CPU
		{6EBF51C6-7AFA-4ADD-88D6-A049013D5099}.Debug|x64.Build.0 = Debug|Any CPU
		{6EBF51C6-7AFA-4ADD-88D6-A049013D5099}.Debug|x86.ActiveCfg = Debug|Any CPU
		{6EBF51C6-7AFA-4ADD-88D6-A049013D5099}.Debug|x86.Build.0 = Debug|Any CPU
		{6EBF51C6-7AFA-4ADD-88D6-A049013D5099}.Release|Any CPU.ActiveCfg = Release|Any CPU
		{6EBF51C6-7AFA-4ADD-88D6-A049013D5099}.Release|Any CPU.Build.0 = Release|Any CPU
		{6EBF51C6-7AFA-4ADD-88D6-A049013D5099}.Release|x64.ActiveCfg = Release|Any CPU
		{6EBF51C6-7AFA-4ADD-88D6-A049013D5099}.Release|x64.Build.0 = Release|Any CPU
		{6EBF51C6-7AFA-4ADD-88D6-A049013D5099}.Release|x86.ActiveCfg = Release|Any CPU
		{6EBF51C6-7AFA-4ADD-88D6-A049013D5099}.Release|x86.Build.0 = Release|Any CPU
		{E11324F6-E32D-4AA2-A4B2-515D9EB3B38B}.Debug|Any CPU.ActiveCfg = Debug|Any CPU
		{E11324F6-E32D-4AA2-A4B2-515D9EB3B38B}.Debug|Any CPU.Build.0 = Debug|Any CPU
		{E11324F6-E32D-4AA2-A4B2-515D9EB3B38B}.Debug|x64.ActiveCfg = Debug|Any CPU
		{E11324F6-E32D-4AA2-A4B2-515D9EB3B38B}.Debug|x64.Build.0 = Debug|Any CPU
		{E11324F6-E32D-4AA2-A4B2-515D9EB3B38B}.Debug|x86.ActiveCfg = Debug|Any CPU
		{E11324F6-E32D-4AA2-A4B2-515D9EB3B38B}.Debug|x86.Build.0 = Debug|Any CPU
		{E11324F6-E32D-4AA2-A4B2-515D9EB3B38B}.Release|Any CPU.ActiveCfg = Release|Any CPU
		{E11324F6-E32D-4AA2-A4B2-515D9EB3B38B}.Release|Any CPU.Build.0 = Release|Any CPU
		{E11324F6-E32D-4AA2-A4B2-515D9EB3B38B}.Release|x64.ActiveCfg = Release|Any CPU
		{E11324F6-E32D-4AA2-A4B2-515D9EB3B38B}.Release|x64.Build.0 = Release|Any CPU
		{E11324F6-E32D-4AA2-A4B2-515D9EB3B38B}.Release|x86.ActiveCfg = Release|Any CPU
		{E11324F6-E32D-4AA2-A4B2-515D9EB3B38B}.Release|x86.Build.0 = Release|Any CPU
		{2EEDF024-1119-47A7-B717-6F896B267282}.Debug|Any CPU.ActiveCfg = Debug|Any CPU
		{2EEDF024-1119-47A7-B717-6F896B267282}.Debug|Any CPU.Build.0 = Debug|Any CPU
		{2EEDF024-1119-47A7-B717-6F896B267282}.Debug|x64.ActiveCfg = Debug|Any CPU
		{2EEDF024-1119-47A7-B717-6F896B267282}.Debug|x64.Build.0 = Debug|Any CPU
		{2EEDF024-1119-47A7-B717-6F896B267282}.Debug|x86.ActiveCfg = Debug|Any CPU
		{2EEDF024-1119-47A7-B717-6F896B267282}.Debug|x86.Build.0 = Debug|Any CPU
		{2EEDF024-1119-47A7-B717-6F896B267282}.Release|Any CPU.ActiveCfg = Release|Any CPU
		{2EEDF024-1119-47A7-B717-6F896B267282}.Release|Any CPU.Build.0 = Release|Any CPU
		{2EEDF024-1119-47A7-B717-6F896B267282}.Release|x64.ActiveCfg = Release|Any CPU
		{2EEDF024-1119-47A7-B717-6F896B267282}.Release|x64.Build.0 = Release|Any CPU
		{2EEDF024-1119-47A7-B717-6F896B267282}.Release|x86.ActiveCfg = Release|Any CPU
		{2EEDF024-1119-47A7-B717-6F896B267282}.Release|x86.Build.0 = Release|Any CPU
		{66EFEA45-BB63-4A72-B13D-46FD26076BF5}.Debug|Any CPU.ActiveCfg = Debug|Any CPU
		{66EFEA45-BB63-4A72-B13D-46FD26076BF5}.Debug|Any CPU.Build.0 = Debug|Any CPU
		{66EFEA45-BB63-4A72-B13D-46FD26076BF5}.Debug|x64.ActiveCfg = Debug|Any CPU
		{66EFEA45-BB63-4A72-B13D-46FD26076BF5}.Debug|x64.Build.0 = Debug|Any CPU
		{66EFEA45-BB63-4A72-B13D-46FD26076BF5}.Debug|x86.ActiveCfg = Debug|Any CPU
		{66EFEA45-BB63-4A72-B13D-46FD26076BF5}.Debug|x86.Build.0 = Debug|Any CPU
		{66EFEA45-BB63-4A72-B13D-46FD26076BF5}.Release|Any CPU.ActiveCfg = Release|Any CPU
		{66EFEA45-BB63-4A72-B13D-46FD26076BF5}.Release|Any CPU.Build.0 = Release|Any CPU
		{66EFEA45-BB63-4A72-B13D-46FD26076BF5}.Release|x64.ActiveCfg = Release|Any CPU
		{66EFEA45-BB63-4A72-B13D-46FD26076BF5}.Release|x64.Build.0 = Release|Any CPU
		{66EFEA45-BB63-4A72-B13D-46FD26076BF5}.Release|x86.ActiveCfg = Release|Any CPU
		{66EFEA45-BB63-4A72-B13D-46FD26076BF5}.Release|x86.Build.0 = Release|Any CPU
		{89C7A370-7D50-497E-8C67-BF5B6F9E9E20}.Debug|Any CPU.ActiveCfg = Debug|Any CPU
		{89C7A370-7D50-497E-8C67-BF5B6F9E9E20}.Debug|Any CPU.Build.0 = Debug|Any CPU
		{89C7A370-7D50-497E-8C67-BF5B6F9E9E20}.Debug|x64.ActiveCfg = Debug|Any CPU
		{89C7A370-7D50-497E-8C67-BF5B6F9E9E20}.Debug|x64.Build.0 = Debug|Any CPU
		{89C7A370-7D50-497E-8C67-BF5B6F9E9E20}.Debug|x86.ActiveCfg = Debug|Any CPU
		{89C7A370-7D50-497E-8C67-BF5B6F9E9E20}.Debug|x86.Build.0 = Debug|Any CPU
		{89C7A370-7D50-497E-8C67-BF5B6F9E9E20}.Release|Any CPU.ActiveCfg = Release|Any CPU
		{89C7A370-7D50-497E-8C67-BF5B6F9E9E20}.Release|Any CPU.Build.0 = Release|Any CPU
		{89C7A370-7D50-497E-8C67-BF5B6F9E9E20}.Release|x64.ActiveCfg = Release|Any CPU
		{89C7A370-7D50-497E-8C67-BF5B6F9E9E20}.Release|x64.Build.0 = Release|Any CPU
		{89C7A370-7D50-497E-8C67-BF5B6F9E9E20}.Release|x86.ActiveCfg = Release|Any CPU
		{89C7A370-7D50-497E-8C67-BF5B6F9E9E20}.Release|x86.Build.0 = Release|Any CPU
		{16743C01-8450-4424-AA4F-FE274FF0CAA8}.Debug|Any CPU.ActiveCfg = Debug|Any CPU
		{16743C01-8450-4424-AA4F-FE274FF0CAA8}.Debug|Any CPU.Build.0 = Debug|Any CPU
		{16743C01-8450-4424-AA4F-FE274FF0CAA8}.Debug|x64.ActiveCfg = Debug|Any CPU
		{16743C01-8450-4424-AA4F-FE274FF0CAA8}.Debug|x64.Build.0 = Debug|Any CPU
		{16743C01-8450-4424-AA4F-FE274FF0CAA8}.Debug|x86.ActiveCfg = Debug|Any CPU
		{16743C01-8450-4424-AA4F-FE274FF0CAA8}.Debug|x86.Build.0 = Debug|Any CPU
		{16743C01-8450-4424-AA4F-FE274FF0CAA8}.Release|Any CPU.ActiveCfg = Release|Any CPU
		{16743C01-8450-4424-AA4F-FE274FF0CAA8}.Release|Any CPU.Build.0 = Release|Any CPU
		{16743C01-8450-4424-AA4F-FE274FF0CAA8}.Release|x64.ActiveCfg = Release|Any CPU
		{16743C01-8450-4424-AA4F-FE274FF0CAA8}.Release|x64.Build.0 = Release|Any CPU
		{16743C01-8450-4424-AA4F-FE274FF0CAA8}.Release|x86.ActiveCfg = Release|Any CPU
		{16743C01-8450-4424-AA4F-FE274FF0CAA8}.Release|x86.Build.0 = Release|Any CPU
		{117046CE-FBEA-4DC6-82CB-A56C4AE9D9A8}.Debug|Any CPU.ActiveCfg = Debug|Any CPU
		{117046CE-FBEA-4DC6-82CB-A56C4AE9D9A8}.Debug|Any CPU.Build.0 = Debug|Any CPU
		{117046CE-FBEA-4DC6-82CB-A56C4AE9D9A8}.Debug|x64.ActiveCfg = Debug|Any CPU
		{117046CE-FBEA-4DC6-82CB-A56C4AE9D9A8}.Debug|x64.Build.0 = Debug|Any CPU
		{117046CE-FBEA-4DC6-82CB-A56C4AE9D9A8}.Debug|x86.ActiveCfg = Debug|Any CPU
		{117046CE-FBEA-4DC6-82CB-A56C4AE9D9A8}.Debug|x86.Build.0 = Debug|Any CPU
		{117046CE-FBEA-4DC6-82CB-A56C4AE9D9A8}.Release|Any CPU.ActiveCfg = Release|Any CPU
		{117046CE-FBEA-4DC6-82CB-A56C4AE9D9A8}.Release|Any CPU.Build.0 = Release|Any CPU
		{117046CE-FBEA-4DC6-82CB-A56C4AE9D9A8}.Release|x64.ActiveCfg = Release|Any CPU
		{117046CE-FBEA-4DC6-82CB-A56C4AE9D9A8}.Release|x64.Build.0 = Release|Any CPU
		{117046CE-FBEA-4DC6-82CB-A56C4AE9D9A8}.Release|x86.ActiveCfg = Release|Any CPU
		{117046CE-FBEA-4DC6-82CB-A56C4AE9D9A8}.Release|x86.Build.0 = Release|Any CPU
		{E4E944ED-D662-4BC0-9F31-75D5B309DD39}.Debug|Any CPU.ActiveCfg = Debug|Any CPU
		{E4E944ED-D662-4BC0-9F31-75D5B309DD39}.Debug|Any CPU.Build.0 = Debug|Any CPU
		{E4E944ED-D662-4BC0-9F31-75D5B309DD39}.Debug|x64.ActiveCfg = Debug|Any CPU
		{E4E944ED-D662-4BC0-9F31-75D5B309DD39}.Debug|x64.Build.0 = Debug|Any CPU
		{E4E944ED-D662-4BC0-9F31-75D5B309DD39}.Debug|x86.ActiveCfg = Debug|Any CPU
		{E4E944ED-D662-4BC0-9F31-75D5B309DD39}.Debug|x86.Build.0 = Debug|Any CPU
		{E4E944ED-D662-4BC0-9F31-75D5B309DD39}.Release|Any CPU.ActiveCfg = Release|Any CPU
		{E4E944ED-D662-4BC0-9F31-75D5B309DD39}.Release|Any CPU.Build.0 = Release|Any CPU
		{E4E944ED-D662-4BC0-9F31-75D5B309DD39}.Release|x64.ActiveCfg = Release|Any CPU
		{E4E944ED-D662-4BC0-9F31-75D5B309DD39}.Release|x64.Build.0 = Release|Any CPU
		{E4E944ED-D662-4BC0-9F31-75D5B309DD39}.Release|x86.ActiveCfg = Release|Any CPU
		{E4E944ED-D662-4BC0-9F31-75D5B309DD39}.Release|x86.Build.0 = Release|Any CPU
		{8AB47AA6-CA59-41B5-AE40-FEEA10C6A82E}.Debug|Any CPU.ActiveCfg = Debug|Any CPU
		{8AB47AA6-CA59-41B5-AE40-FEEA10C6A82E}.Debug|Any CPU.Build.0 = Debug|Any CPU
		{8AB47AA6-CA59-41B5-AE40-FEEA10C6A82E}.Debug|x64.ActiveCfg = Debug|Any CPU
		{8AB47AA6-CA59-41B5-AE40-FEEA10C6A82E}.Debug|x64.Build.0 = Debug|Any CPU
		{8AB47AA6-CA59-41B5-AE40-FEEA10C6A82E}.Debug|x86.ActiveCfg = Debug|Any CPU
		{8AB47AA6-CA59-41B5-AE40-FEEA10C6A82E}.Debug|x86.Build.0 = Debug|Any CPU
		{8AB47AA6-CA59-41B5-AE40-FEEA10C6A82E}.Release|Any CPU.ActiveCfg = Release|Any CPU
		{8AB47AA6-CA59-41B5-AE40-FEEA10C6A82E}.Release|Any CPU.Build.0 = Release|Any CPU
		{8AB47AA6-CA59-41B5-AE40-FEEA10C6A82E}.Release|x64.ActiveCfg = Release|Any CPU
		{8AB47AA6-CA59-41B5-AE40-FEEA10C6A82E}.Release|x64.Build.0 = Release|Any CPU
		{8AB47AA6-CA59-41B5-AE40-FEEA10C6A82E}.Release|x86.ActiveCfg = Release|Any CPU
		{8AB47AA6-CA59-41B5-AE40-FEEA10C6A82E}.Release|x86.Build.0 = Release|Any CPU
		{FFA2F5E4-CD07-468C-96CE-2B871193B7D7}.Debug|Any CPU.ActiveCfg = Debug|Any CPU
		{FFA2F5E4-CD07-468C-96CE-2B871193B7D7}.Debug|Any CPU.Build.0 = Debug|Any CPU
		{FFA2F5E4-CD07-468C-96CE-2B871193B7D7}.Debug|x64.ActiveCfg = Debug|Any CPU
		{FFA2F5E4-CD07-468C-96CE-2B871193B7D7}.Debug|x64.Build.0 = Debug|Any CPU
		{FFA2F5E4-CD07-468C-96CE-2B871193B7D7}.Debug|x86.ActiveCfg = Debug|Any CPU
		{FFA2F5E4-CD07-468C-96CE-2B871193B7D7}.Debug|x86.Build.0 = Debug|Any CPU
		{FFA2F5E4-CD07-468C-96CE-2B871193B7D7}.Release|Any CPU.ActiveCfg = Release|Any CPU
		{FFA2F5E4-CD07-468C-96CE-2B871193B7D7}.Release|Any CPU.Build.0 = Release|Any CPU
		{FFA2F5E4-CD07-468C-96CE-2B871193B7D7}.Release|x64.ActiveCfg = Release|Any CPU
		{FFA2F5E4-CD07-468C-96CE-2B871193B7D7}.Release|x64.Build.0 = Release|Any CPU
		{FFA2F5E4-CD07-468C-96CE-2B871193B7D7}.Release|x86.ActiveCfg = Release|Any CPU
		{FFA2F5E4-CD07-468C-96CE-2B871193B7D7}.Release|x86.Build.0 = Release|Any CPU
		{7288A429-52F0-483C-BC3E-6F188A00604F}.Debug|Any CPU.ActiveCfg = Debug|Any CPU
		{7288A429-52F0-483C-BC3E-6F188A00604F}.Debug|Any CPU.Build.0 = Debug|Any CPU
		{7288A429-52F0-483C-BC3E-6F188A00604F}.Debug|x64.ActiveCfg = Debug|Any CPU
		{7288A429-52F0-483C-BC3E-6F188A00604F}.Debug|x64.Build.0 = Debug|Any CPU
		{7288A429-52F0-483C-BC3E-6F188A00604F}.Debug|x86.ActiveCfg = Debug|Any CPU
		{7288A429-52F0-483C-BC3E-6F188A00604F}.Debug|x86.Build.0 = Debug|Any CPU
		{7288A429-52F0-483C-BC3E-6F188A00604F}.Release|Any CPU.ActiveCfg = Release|Any CPU
		{7288A429-52F0-483C-BC3E-6F188A00604F}.Release|Any CPU.Build.0 = Release|Any CPU
		{7288A429-52F0-483C-BC3E-6F188A00604F}.Release|x64.ActiveCfg = Release|Any CPU
		{7288A429-52F0-483C-BC3E-6F188A00604F}.Release|x64.Build.0 = Release|Any CPU
		{7288A429-52F0-483C-BC3E-6F188A00604F}.Release|x86.ActiveCfg = Release|Any CPU
		{7288A429-52F0-483C-BC3E-6F188A00604F}.Release|x86.Build.0 = Release|Any CPU
		{9F761B27-60F9-49DD-B9DB-28B995768BA1}.Debug|Any CPU.ActiveCfg = Debug|Any CPU
		{9F761B27-60F9-49DD-B9DB-28B995768BA1}.Debug|Any CPU.Build.0 = Debug|Any CPU
		{9F761B27-60F9-49DD-B9DB-28B995768BA1}.Debug|x64.ActiveCfg = Debug|Any CPU
		{9F761B27-60F9-49DD-B9DB-28B995768BA1}.Debug|x64.Build.0 = Debug|Any CPU
		{9F761B27-60F9-49DD-B9DB-28B995768BA1}.Debug|x86.ActiveCfg = Debug|Any CPU
		{9F761B27-60F9-49DD-B9DB-28B995768BA1}.Debug|x86.Build.0 = Debug|Any CPU
		{9F761B27-60F9-49DD-B9DB-28B995768BA1}.Release|Any CPU.ActiveCfg = Release|Any CPU
		{9F761B27-60F9-49DD-B9DB-28B995768BA1}.Release|Any CPU.Build.0 = Release|Any CPU
		{9F761B27-60F9-49DD-B9DB-28B995768BA1}.Release|x64.ActiveCfg = Release|Any CPU
		{9F761B27-60F9-49DD-B9DB-28B995768BA1}.Release|x64.Build.0 = Release|Any CPU
		{9F761B27-60F9-49DD-B9DB-28B995768BA1}.Release|x86.ActiveCfg = Release|Any CPU
		{9F761B27-60F9-49DD-B9DB-28B995768BA1}.Release|x86.Build.0 = Release|Any CPU
		{A1EDBC2A-1D3C-46D8-8DAA-76C3B7F12EDD}.Debug|Any CPU.ActiveCfg = Debug|Any CPU
		{A1EDBC2A-1D3C-46D8-8DAA-76C3B7F12EDD}.Debug|Any CPU.Build.0 = Debug|Any CPU
		{A1EDBC2A-1D3C-46D8-8DAA-76C3B7F12EDD}.Debug|x64.ActiveCfg = Debug|Any CPU
		{A1EDBC2A-1D3C-46D8-8DAA-76C3B7F12EDD}.Debug|x64.Build.0 = Debug|Any CPU
		{A1EDBC2A-1D3C-46D8-8DAA-76C3B7F12EDD}.Debug|x86.ActiveCfg = Debug|Any CPU
		{A1EDBC2A-1D3C-46D8-8DAA-76C3B7F12EDD}.Debug|x86.Build.0 = Debug|Any CPU
		{A1EDBC2A-1D3C-46D8-8DAA-76C3B7F12EDD}.Release|Any CPU.ActiveCfg = Release|Any CPU
		{A1EDBC2A-1D3C-46D8-8DAA-76C3B7F12EDD}.Release|Any CPU.Build.0 = Release|Any CPU
		{A1EDBC2A-1D3C-46D8-8DAA-76C3B7F12EDD}.Release|x64.ActiveCfg = Release|Any CPU
		{A1EDBC2A-1D3C-46D8-8DAA-76C3B7F12EDD}.Release|x64.Build.0 = Release|Any CPU
		{A1EDBC2A-1D3C-46D8-8DAA-76C3B7F12EDD}.Release|x86.ActiveCfg = Release|Any CPU
		{A1EDBC2A-1D3C-46D8-8DAA-76C3B7F12EDD}.Release|x86.Build.0 = Release|Any CPU
		{429C5211-8158-4342-B8E5-561281FD9F34}.Debug|Any CPU.ActiveCfg = Debug|Any CPU
		{429C5211-8158-4342-B8E5-561281FD9F34}.Debug|Any CPU.Build.0 = Debug|Any CPU
		{429C5211-8158-4342-B8E5-561281FD9F34}.Debug|x64.ActiveCfg = Debug|Any CPU
		{429C5211-8158-4342-B8E5-561281FD9F34}.Debug|x64.Build.0 = Debug|Any CPU
		{429C5211-8158-4342-B8E5-561281FD9F34}.Debug|x86.ActiveCfg = Debug|Any CPU
		{429C5211-8158-4342-B8E5-561281FD9F34}.Debug|x86.Build.0 = Debug|Any CPU
		{429C5211-8158-4342-B8E5-561281FD9F34}.Release|Any CPU.ActiveCfg = Release|Any CPU
		{429C5211-8158-4342-B8E5-561281FD9F34}.Release|Any CPU.Build.0 = Release|Any CPU
		{429C5211-8158-4342-B8E5-561281FD9F34}.Release|x64.ActiveCfg = Release|Any CPU
		{429C5211-8158-4342-B8E5-561281FD9F34}.Release|x64.Build.0 = Release|Any CPU
		{429C5211-8158-4342-B8E5-561281FD9F34}.Release|x86.ActiveCfg = Release|Any CPU
		{429C5211-8158-4342-B8E5-561281FD9F34}.Release|x86.Build.0 = Release|Any CPU
		{6C58CB7F-4CF8-4165-94A3-880BE4ED8CAD}.Debug|Any CPU.ActiveCfg = Debug|Any CPU
		{6C58CB7F-4CF8-4165-94A3-880BE4ED8CAD}.Debug|Any CPU.Build.0 = Debug|Any CPU
		{6C58CB7F-4CF8-4165-94A3-880BE4ED8CAD}.Debug|x64.ActiveCfg = Debug|Any CPU
		{6C58CB7F-4CF8-4165-94A3-880BE4ED8CAD}.Debug|x64.Build.0 = Debug|Any CPU
		{6C58CB7F-4CF8-4165-94A3-880BE4ED8CAD}.Debug|x86.ActiveCfg = Debug|Any CPU
		{6C58CB7F-4CF8-4165-94A3-880BE4ED8CAD}.Debug|x86.Build.0 = Debug|Any CPU
		{6C58CB7F-4CF8-4165-94A3-880BE4ED8CAD}.Release|Any CPU.ActiveCfg = Release|Any CPU
		{6C58CB7F-4CF8-4165-94A3-880BE4ED8CAD}.Release|Any CPU.Build.0 = Release|Any CPU
		{6C58CB7F-4CF8-4165-94A3-880BE4ED8CAD}.Release|x64.ActiveCfg = Release|Any CPU
		{6C58CB7F-4CF8-4165-94A3-880BE4ED8CAD}.Release|x64.Build.0 = Release|Any CPU
		{6C58CB7F-4CF8-4165-94A3-880BE4ED8CAD}.Release|x86.ActiveCfg = Release|Any CPU
		{6C58CB7F-4CF8-4165-94A3-880BE4ED8CAD}.Release|x86.Build.0 = Release|Any CPU
	EndGlobalSection
	GlobalSection(SolutionProperties) = preSolution
		HideSolutionNode = FALSE
	EndGlobalSection
	GlobalSection(NestedProjects) = preSolution
		{551B96B5-B17B-4B81-B050-C0A62B5C735F} = {2409E5CE-E4F1-4109-87AD-F84AE144DEF4}
		{96400768-ED8C-4C08-A801-100CADC7740D} = {551B96B5-B17B-4B81-B050-C0A62B5C735F}
		{38843402-0817-4846-B31D-84125907FE36} = {551B96B5-B17B-4B81-B050-C0A62B5C735F}
		{5254828C-51B7-43AA-A0B2-41FE0CE700EA} = {551B96B5-B17B-4B81-B050-C0A62B5C735F}
		{7311EE60-27F6-40BA-9230-EEEBA25A39CE} = {551B96B5-B17B-4B81-B050-C0A62B5C735F}
		{389E6CB4-DF74-43EE-834B-EFFE70EB14B2} = {E5E36FD7-2DF5-4E31-99E6-7C0D36C075E5}
		{C60347DB-4A1D-4655-B60A-577DEB366690} = {389E6CB4-DF74-43EE-834B-EFFE70EB14B2}
		{DE0BCCBD-07AA-45C2-9898-8D4CCBABDAFF} = {2409E5CE-E4F1-4109-87AD-F84AE144DEF4}
		{E5DA63A7-2ADE-49E4-9BC5-E38D353ABBB8} = {389E6CB4-DF74-43EE-834B-EFFE70EB14B2}
		{12C69DA7-6C2D-46B4-9DC8-28F9853517D7} = {DE0BCCBD-07AA-45C2-9898-8D4CCBABDAFF}
		{881D16DD-2DA0-4E2E-93F3-C0BCC6A5187C} = {DE0BCCBD-07AA-45C2-9898-8D4CCBABDAFF}
		{0C57FD92-E9AC-46DC-BDAB-5FFDBBDFF9F0} = {2409E5CE-E4F1-4109-87AD-F84AE144DEF4}
		{7A0D367C-4271-4DA4-B83C-67DBF976B5BE} = {0C57FD92-E9AC-46DC-BDAB-5FFDBBDFF9F0}
		{C4769519-77F3-4BCC-A9D3-947A4F713338} = {0C57FD92-E9AC-46DC-BDAB-5FFDBBDFF9F0}
		{2046906F-79B9-4AC9-87CE-CA49AFF02244} = {0C57FD92-E9AC-46DC-BDAB-5FFDBBDFF9F0}
		{6B87EACD-8106-4481-95A2-AB146BFCA10B} = {0C57FD92-E9AC-46DC-BDAB-5FFDBBDFF9F0}
		{ED604E06-5A5B-43AE-9D40-C0302064D815} = {189B5B9C-8540-44F4-B86E-23F162AF21E4}
		{436CB0DE-185E-4DB7-859A-1709B0E997B3} = {2409E5CE-E4F1-4109-87AD-F84AE144DEF4}
		{08712327-24B3-4B83-B61A-5A0FBDAB5959} = {436CB0DE-185E-4DB7-859A-1709B0E997B3}
		{F3D40578-77B7-4CF1-A1ED-FE85D49D35AD} = {436CB0DE-185E-4DB7-859A-1709B0E997B3}
		{008C594D-AD6C-44D3-B0B5-68292BA3AF7C} = {436CB0DE-185E-4DB7-859A-1709B0E997B3}
		{78563B99-832B-4462-9E70-082E42D23297} = {2409E5CE-E4F1-4109-87AD-F84AE144DEF4}
		{BE7DE82A-8132-4441-9CC1-4B362FC80050} = {78563B99-832B-4462-9E70-082E42D23297}
		{6E4F813B-730C-4F3D-877D-DC522D5D0887} = {78563B99-832B-4462-9E70-082E42D23297}
		{DDAB3400-D6E0-4591-AA83-6CBE7B062542} = {78563B99-832B-4462-9E70-082E42D23297}
		{37283DD6-3396-4965-8721-BD67A1AD11D6} = {2409E5CE-E4F1-4109-87AD-F84AE144DEF4}
		{B43E0649-0A9D-4E0F-AD38-61666389E693} = {37283DD6-3396-4965-8721-BD67A1AD11D6}
		{6EBF51C6-7AFA-4ADD-88D6-A049013D5099} = {37283DD6-3396-4965-8721-BD67A1AD11D6}
		{E11324F6-E32D-4AA2-A4B2-515D9EB3B38B} = {37283DD6-3396-4965-8721-BD67A1AD11D6}
		{2EEDF024-1119-47A7-B717-6F896B267282} = {37283DD6-3396-4965-8721-BD67A1AD11D6}
		{66EFEA45-BB63-4A72-B13D-46FD26076BF5} = {37283DD6-3396-4965-8721-BD67A1AD11D6}
		{709F4BA1-B933-405C-871F-C05D61F03E35} = {2409E5CE-E4F1-4109-87AD-F84AE144DEF4}
		{89C7A370-7D50-497E-8C67-BF5B6F9E9E20} = {709F4BA1-B933-405C-871F-C05D61F03E35}
		{16743C01-8450-4424-AA4F-FE274FF0CAA8} = {709F4BA1-B933-405C-871F-C05D61F03E35}
		{117046CE-FBEA-4DC6-82CB-A56C4AE9D9A8} = {709F4BA1-B933-405C-871F-C05D61F03E35}
		{49CB95FB-5AD2-4364-B339-80B1D830A452} = {2409E5CE-E4F1-4109-87AD-F84AE144DEF4}
		{E4E944ED-D662-4BC0-9F31-75D5B309DD39} = {49CB95FB-5AD2-4364-B339-80B1D830A452}
		{8AB47AA6-CA59-41B5-AE40-FEEA10C6A82E} = {49CB95FB-5AD2-4364-B339-80B1D830A452}
		{FFA2F5E4-CD07-468C-96CE-2B871193B7D7} = {49CB95FB-5AD2-4364-B339-80B1D830A452}
		{7288A429-52F0-483C-BC3E-6F188A00604F} = {49CB95FB-5AD2-4364-B339-80B1D830A452}
		{9F761B27-60F9-49DD-B9DB-28B995768BA1} = {189B5B9C-8540-44F4-B86E-23F162AF21E4}
		{A1EDBC2A-1D3C-46D8-8DAA-76C3B7F12EDD} = {49CB95FB-5AD2-4364-B339-80B1D830A452}
		{429C5211-8158-4342-B8E5-561281FD9F34} = {551B96B5-B17B-4B81-B050-C0A62B5C735F}
		{6C58CB7F-4CF8-4165-94A3-880BE4ED8CAD} = {709F4BA1-B933-405C-871F-C05D61F03E35}
	EndGlobalSection
	GlobalSection(ExtensibilityGlobals) = postSolution
		SolutionGuid = {B1C3BF53-FCCB-42E6-8034-50D26A6785FA}
	EndGlobalSection
EndGlobal
